<?xml version="1.0" encoding="utf-8"?>
<Project ToolsVersion="4.0" xmlns="http://schemas.microsoft.com/developer/msbuild/2003">
  <ItemGroup>
    <ClCompile Include="edit_window.cc" />
    <ClCompile Include="main_window.cc" />
    <ClCompile Include="main.cc" />
    <ClCompile Include="text_store.cc" />
    <ClCompile Include="document.cc" />
    <ClCompile Include="util.cc" />
    <ClCompile Include="window_base.cc" />
    <ClCompile Include="precompile.cc" />
  </ItemGroup>
  <ItemGroup>
    <ClInclude Include="edit_window.h" />
    <ClInclude Include="comptr_typedef.h" />
    <ClInclude Include="main_window.h" />
    <ClInclude Include="text_store.h" />
    <ClInclude Include="document.h" />
    <ClInclude Include="util.h" />
    <ClInclude Include="exception.h" />
    <ClInclude Include="window_base.h" />
    <ClInclude Include="precompile.h" />
  </ItemGroup>
</Project>